
Microsoft Visual Studio Solution File, Format Version 12.00
# Visual Studio Version 16
VisualStudioVersion = 16.0.810.16
MinimumVisualStudioVersion = 10.0.40219.1
Project("{FAE04EC0-301F-11D3-BF4B-00C04F79EFBC}") = "web_api_task", "web_api_task\web_api_task.csproj", "{9072513B-7615-4828-B27B-684F83B10C53}"
EndProject
Global
	GlobalSection(SolutionConfigurationPlatforms) = preSolution
		Debug|Any CPU = Debug|Any CPU
		Release|Any CPU = Release|Any CPU
	EndGlobalSection
	GlobalSection(ProjectConfigurationPlatforms) = postSolution
		{9072513B-7615-4828-B27B-684F83B10C53}.Debug|Any CPU.ActiveCfg = Debug|Any CPU
		{9072513B-7615-4828-B27B-684F83B10C53}.Debug|Any CPU.Build.0 = Debug|Any CPU
		{9072513B-7615-4828-B27B-684F83B10C53}.Release|Any CPU.ActiveCfg = Release|Any CPU
		{9072513B-7615-4828-B27B-684F83B10C53}.Release|Any CPU.Build.0 = Release|Any CPU
	EndGlobalSection
	GlobalSection(SolutionProperties) = preSolution
		HideSolutionNode = FALSE
	EndGlobalSection
	GlobalSection(ExtensibilityGlobals) = postSolution
		SolutionGuid = {D1DAB038-B8B0-4871-9FF5-D98799A8B0FE}
	EndGlobalSection
EndGlobal
